
Microsoft Visual Studio Solution File, Format Version 12.00
# Visual Studio 2013
VisualStudioVersion = 12.0.21005.1
MinimumVisualStudioVersion = 10.0.40219.1
Project("{FAE04EC0-301F-11D3-BF4B-00C04F79EFBC}") = "OwinSample", "OwinSample\OwinSample.csproj", "{28831ED5-B778-4477-A2D3-ADD3BC0817E0}"
EndProject
Project("{FAE04EC0-301F-11D3-BF4B-00C04F79EFBC}") = "CustomOwinHost", "CustomOwinHost\CustomOwinHost.csproj", "{6FF93B70-17A4-4E30-97F4-5273922FA8E3}"
EndProject
Project("{FAE04EC0-301F-11D3-BF4B-00C04F79EFBC}") = "OwinWebApi", "OwinWebApi\OwinWebApi.csproj", "{09D53496-AE41-48A6-9B23-F3FCCABF6EF0}"
EndProject
Global
	GlobalSection(SolutionConfigurationPlatforms) = preSolution
		Debug|Any CPU = Debug|Any CPU
		Release|Any CPU = Release|Any CPU
	EndGlobalSection
	GlobalSection(ProjectConfigurationPlatforms) = postSolution
		{28831ED5-B778-4477-A2D3-ADD3BC0817E0}.Debug|Any CPU.ActiveCfg = Debug|Any CPU
		{28831ED5-B778-4477-A2D3-ADD3BC0817E0}.Debug|Any CPU.Build.0 = Debug|Any CPU
		{28831ED5-B778-4477-A2D3-ADD3BC0817E0}.Release|Any CPU.ActiveCfg = Release|Any CPU
		{28831ED5-B778-4477-A2D3-ADD3BC0817E0}.Release|Any CPU.Build.0 = Release|Any CPU
		{6FF93B70-17A4-4E30-97F4-5273922FA8E3}.Debug|Any CPU.ActiveCfg = Debug|Any CPU
		{6FF93B70-17A4-4E30-97F4-5273922FA8E3}.Debug|Any CPU.Build.0 = Debug|Any CPU
		{6FF93B70-17A4-4E30-97F4-5273922FA8E3}.Release|Any CPU.ActiveCfg = Release|Any CPU
		{6FF93B70-17A4-4E30-97F4-5273922FA8E3}.Release|Any CPU.Build.0 = Release|Any CPU
		{09D53496-AE41-48A6-9B23-F3FCCABF6EF0}.Debug|Any CPU.ActiveCfg = Debug|Any CPU
		{09D53496-AE41-48A6-9B23-F3FCCABF6EF0}.Debug|Any CPU.Build.0 = Debug|Any CPU
		{09D53496-AE41-48A6-9B23-F3FCCABF6EF0}.Release|Any CPU.ActiveCfg = Release|Any CPU
		{09D53496-AE41-48A6-9B23-F3FCCABF6EF0}.Release|Any CPU.Build.0 = Release|Any CPU
	EndGlobalSection
	GlobalSection(SolutionProperties) = preSolution
		HideSolutionNode = FALSE
	EndGlobalSection
EndGlobal
