
Microsoft Visual Studio Solution File, Format Version 12.00
# Visual Studio 2013
VisualStudioVersion = 12.0.31101.0
MinimumVisualStudioVersion = 10.0.40219.1
Project("{FAE04EC0-301F-11D3-BF4B-00C04F79EFBC}") = "OwinSample", "OwinSample\OwinSample.csproj", "{28831ED5-B778-4477-A2D3-ADD3BC0817E0}"
EndProject
Project("{FAE04EC0-301F-11D3-BF4B-00C04F79EFBC}") = "CustomOwinHost", "CustomOwinHost\CustomOwinHost.csproj", "{6FF93B70-17A4-4E30-97F4-5273922FA8E3}"
EndProject
Project("{FAE04EC0-301F-11D3-BF4B-00C04F79EFBC}") = "OwinWebApi", "OwinWebApi\OwinWebApi.csproj", "{09D53496-AE41-48A6-9B23-F3FCCABF6EF0}"
EndProject
Project("{FAE04EC0-301F-11D3-BF4B-00C04F79EFBC}") = "InterfaceBasedUnitTesting", "InterfaceBasedUnitTesting\InterfaceBasedUnitTesting.csproj", "{E063D670-1B4E-4387-9788-1E79CB3160C6}"
EndProject
Project("{FAE04EC0-301F-11D3-BF4B-00C04F79EFBC}") = "WindowsAuthenticationWeb", "WindowsAuthenticationWeb\WindowsAuthenticationWeb.csproj", "{B4A398DD-854E-4D81-BE0A-0FEA5361C468}"
EndProject
Project("{FAE04EC0-301F-11D3-BF4B-00C04F79EFBC}") = "BehaviourDrivenTest", "BehaviourDrivenTest\BehaviourDrivenTest.csproj", "{1E6F5E0E-32D3-4907-A6AD-7F1AEFFCE0A0}"
EndProject
Project("{FAE04EC0-301F-11D3-BF4B-00C04F79EFBC}") = "JavascriptBasedUnitTesting", "JavascriptBasedUnitTesting\JavascriptBasedUnitTesting.csproj", "{1C6BBCEE-742D-4967-B173-D07FEFEF79A3}"
EndProject
Project("{FAE04EC0-301F-11D3-BF4B-00C04F79EFBC}") = "TPL", "TPL\TPL.csproj", "{F2034C97-81E0-4744-94E6-2D98BB925E67}"
EndProject
Project("{FAE04EC0-301F-11D3-BF4B-00C04F79EFBC}") = "ODataWebAPI", "ODataWebAPI\ODataWebAPI.csproj", "{FE16843B-9812-4FE0-903F-68B36668918B}"
EndProject
Project("{FAE04EC0-301F-11D3-BF4B-00C04F79EFBC}") = "ODataClient", "ODataClient\ODataClient.csproj", "{C2B4627A-5C6E-49A6-91C0-FA6E2C0F9670}"
EndProject
Project("{FAE04EC0-301F-11D3-BF4B-00C04F79EFBC}") = "RestClientWithSampleOData", "RestClientWithSampleOData\RestClientWithSampleOData.csproj", "{92EEBF5C-CA68-45B1-9A14-2F7CABE841C8}"
EndProject
Global
	GlobalSection(SolutionConfigurationPlatforms) = preSolution
		Debug|Any CPU = Debug|Any CPU
		Release|Any CPU = Release|Any CPU
	EndGlobalSection
	GlobalSection(ProjectConfigurationPlatforms) = postSolution
		{28831ED5-B778-4477-A2D3-ADD3BC0817E0}.Debug|Any CPU.ActiveCfg = Debug|Any CPU
		{28831ED5-B778-4477-A2D3-ADD3BC0817E0}.Release|Any CPU.ActiveCfg = Release|Any CPU
		{28831ED5-B778-4477-A2D3-ADD3BC0817E0}.Release|Any CPU.Build.0 = Release|Any CPU
		{6FF93B70-17A4-4E30-97F4-5273922FA8E3}.Debug|Any CPU.ActiveCfg = Debug|Any CPU
		{6FF93B70-17A4-4E30-97F4-5273922FA8E3}.Debug|Any CPU.Build.0 = Debug|Any CPU
		{6FF93B70-17A4-4E30-97F4-5273922FA8E3}.Release|Any CPU.ActiveCfg = Release|Any CPU
		{6FF93B70-17A4-4E30-97F4-5273922FA8E3}.Release|Any CPU.Build.0 = Release|Any CPU
		{09D53496-AE41-48A6-9B23-F3FCCABF6EF0}.Debug|Any CPU.ActiveCfg = Debug|Any CPU
		{09D53496-AE41-48A6-9B23-F3FCCABF6EF0}.Debug|Any CPU.Build.0 = Debug|Any CPU
		{09D53496-AE41-48A6-9B23-F3FCCABF6EF0}.Release|Any CPU.ActiveCfg = Release|Any CPU
		{09D53496-AE41-48A6-9B23-F3FCCABF6EF0}.Release|Any CPU.Build.0 = Release|Any CPU
		{E063D670-1B4E-4387-9788-1E79CB3160C6}.Debug|Any CPU.ActiveCfg = Debug|Any CPU
		{E063D670-1B4E-4387-9788-1E79CB3160C6}.Debug|Any CPU.Build.0 = Debug|Any CPU
		{E063D670-1B4E-4387-9788-1E79CB3160C6}.Release|Any CPU.ActiveCfg = Release|Any CPU
		{E063D670-1B4E-4387-9788-1E79CB3160C6}.Release|Any CPU.Build.0 = Release|Any CPU
		{B4A398DD-854E-4D81-BE0A-0FEA5361C468}.Debug|Any CPU.ActiveCfg = Debug|Any CPU
		{B4A398DD-854E-4D81-BE0A-0FEA5361C468}.Debug|Any CPU.Build.0 = Debug|Any CPU
		{B4A398DD-854E-4D81-BE0A-0FEA5361C468}.Release|Any CPU.ActiveCfg = Release|Any CPU
		{B4A398DD-854E-4D81-BE0A-0FEA5361C468}.Release|Any CPU.Build.0 = Release|Any CPU
		{1E6F5E0E-32D3-4907-A6AD-7F1AEFFCE0A0}.Debug|Any CPU.ActiveCfg = Debug|Any CPU
		{1E6F5E0E-32D3-4907-A6AD-7F1AEFFCE0A0}.Debug|Any CPU.Build.0 = Debug|Any CPU
		{1E6F5E0E-32D3-4907-A6AD-7F1AEFFCE0A0}.Release|Any CPU.ActiveCfg = Release|Any CPU
		{1E6F5E0E-32D3-4907-A6AD-7F1AEFFCE0A0}.Release|Any CPU.Build.0 = Release|Any CPU
		{1C6BBCEE-742D-4967-B173-D07FEFEF79A3}.Debug|Any CPU.ActiveCfg = Debug|Any CPU
		{1C6BBCEE-742D-4967-B173-D07FEFEF79A3}.Debug|Any CPU.Build.0 = Debug|Any CPU
		{1C6BBCEE-742D-4967-B173-D07FEFEF79A3}.Release|Any CPU.ActiveCfg = Release|Any CPU
		{1C6BBCEE-742D-4967-B173-D07FEFEF79A3}.Release|Any CPU.Build.0 = Release|Any CPU
		{F2034C97-81E0-4744-94E6-2D98BB925E67}.Debug|Any CPU.ActiveCfg = Debug|Any CPU
		{F2034C97-81E0-4744-94E6-2D98BB925E67}.Debug|Any CPU.Build.0 = Debug|Any CPU
		{F2034C97-81E0-4744-94E6-2D98BB925E67}.Release|Any CPU.ActiveCfg = Release|Any CPU
		{F2034C97-81E0-4744-94E6-2D98BB925E67}.Release|Any CPU.Build.0 = Release|Any CPU
		{FE16843B-9812-4FE0-903F-68B36668918B}.Debug|Any CPU.ActiveCfg = Debug|Any CPU
		{FE16843B-9812-4FE0-903F-68B36668918B}.Debug|Any CPU.Build.0 = Debug|Any CPU
		{FE16843B-9812-4FE0-903F-68B36668918B}.Release|Any CPU.ActiveCfg = Release|Any CPU
		{FE16843B-9812-4FE0-903F-68B36668918B}.Release|Any CPU.Build.0 = Release|Any CPU
		{C2B4627A-5C6E-49A6-91C0-FA6E2C0F9670}.Debug|Any CPU.ActiveCfg = Debug|Any CPU
		{C2B4627A-5C6E-49A6-91C0-FA6E2C0F9670}.Debug|Any CPU.Build.0 = Debug|Any CPU
		{C2B4627A-5C6E-49A6-91C0-FA6E2C0F9670}.Release|Any CPU.ActiveCfg = Release|Any CPU
		{C2B4627A-5C6E-49A6-91C0-FA6E2C0F9670}.Release|Any CPU.Build.0 = Release|Any CPU
		{92EEBF5C-CA68-45B1-9A14-2F7CABE841C8}.Debug|Any CPU.ActiveCfg = Debug|Any CPU
		{92EEBF5C-CA68-45B1-9A14-2F7CABE841C8}.Debug|Any CPU.Build.0 = Debug|Any CPU
		{92EEBF5C-CA68-45B1-9A14-2F7CABE841C8}.Release|Any CPU.ActiveCfg = Release|Any CPU
		{92EEBF5C-CA68-45B1-9A14-2F7CABE841C8}.Release|Any CPU.Build.0 = Release|Any CPU
	EndGlobalSection
	GlobalSection(SolutionProperties) = preSolution
		HideSolutionNode = FALSE
	EndGlobalSection
EndGlobal
