
Microsoft Visual Studio Solution File, Format Version 12.00
# Visual Studio 2013
VisualStudioVersion = 12.0.31101.0
MinimumVisualStudioVersion = 10.0.40219.1
Project("{FAE04EC0-301F-11D3-BF4B-00C04F79EFBC}") = "RESTAPI", "RESTAPI\RESTAPI.csproj", "{2A4EE556-2E9F-4A78-85BF-F1FA2BB58985}"
EndProject
Project("{FAE04EC0-301F-11D3-BF4B-00C04F79EFBC}") = "RestClientWithSampleOData", "..\RestClientWithSampleOData\RestClientWithSampleOData.csproj", "{92EEBF5C-CA68-45B1-9A14-2F7CABE841C8}"
EndProject
Project("{FAE04EC0-301F-11D3-BF4B-00C04F79EFBC}") = "ODataClient", "..\ODataClient\ODataClient.csproj", "{C2B4627A-5C6E-49A6-91C0-FA6E2C0F9670}"
EndProject
Project("{FAE04EC0-301F-11D3-BF4B-00C04F79EFBC}") = "ODataWebAPI", "..\ODataWebAPI\ODataWebAPI.csproj", "{FE16843B-9812-4FE0-903F-68B36668918B}"
EndProject
Global
	GlobalSection(SolutionConfigurationPlatforms) = preSolution
		Debug|Any CPU = Debug|Any CPU
		Release|Any CPU = Release|Any CPU
	EndGlobalSection
	GlobalSection(ProjectConfigurationPlatforms) = postSolution
		{2A4EE556-2E9F-4A78-85BF-F1FA2BB58985}.Debug|Any CPU.ActiveCfg = Debug|Any CPU
		{2A4EE556-2E9F-4A78-85BF-F1FA2BB58985}.Debug|Any CPU.Build.0 = Debug|Any CPU
		{2A4EE556-2E9F-4A78-85BF-F1FA2BB58985}.Release|Any CPU.ActiveCfg = Release|Any CPU
		{2A4EE556-2E9F-4A78-85BF-F1FA2BB58985}.Release|Any CPU.Build.0 = Release|Any CPU
		{92EEBF5C-CA68-45B1-9A14-2F7CABE841C8}.Debug|Any CPU.ActiveCfg = Debug|Any CPU
		{92EEBF5C-CA68-45B1-9A14-2F7CABE841C8}.Debug|Any CPU.Build.0 = Debug|Any CPU
		{92EEBF5C-CA68-45B1-9A14-2F7CABE841C8}.Release|Any CPU.ActiveCfg = Release|Any CPU
		{92EEBF5C-CA68-45B1-9A14-2F7CABE841C8}.Release|Any CPU.Build.0 = Release|Any CPU
		{C2B4627A-5C6E-49A6-91C0-FA6E2C0F9670}.Debug|Any CPU.ActiveCfg = Debug|Any CPU
		{C2B4627A-5C6E-49A6-91C0-FA6E2C0F9670}.Debug|Any CPU.Build.0 = Debug|Any CPU
		{C2B4627A-5C6E-49A6-91C0-FA6E2C0F9670}.Release|Any CPU.ActiveCfg = Release|Any CPU
		{C2B4627A-5C6E-49A6-91C0-FA6E2C0F9670}.Release|Any CPU.Build.0 = Release|Any CPU
		{FE16843B-9812-4FE0-903F-68B36668918B}.Debug|Any CPU.ActiveCfg = Debug|Any CPU
		{FE16843B-9812-4FE0-903F-68B36668918B}.Debug|Any CPU.Build.0 = Debug|Any CPU
		{FE16843B-9812-4FE0-903F-68B36668918B}.Release|Any CPU.ActiveCfg = Release|Any CPU
		{FE16843B-9812-4FE0-903F-68B36668918B}.Release|Any CPU.Build.0 = Release|Any CPU
	EndGlobalSection
	GlobalSection(SolutionProperties) = preSolution
		HideSolutionNode = FALSE
	EndGlobalSection
EndGlobal
